{
  "lockfileVersion": 1,
  "configVersion": 1,
  "workspaces": {
    "": {
      "name": "@jext/benchmarks",
      "dependencies": {
        "jsonata": "^2.0.5",
      },
      "devDependencies": {
        "@types/node": "^20.10.0",
      },
    },
  },
  "packages": {
    "@types/node": ["@types/node@20.19.31", "", { "dependencies": { "undici-types": "~6.21.0" } }, "sha512-5jsi0wpncvTD33Sh1UCgacK37FFwDn+EG7wCmEvs62fCvBL+n8/76cAYDok21NF6+jaVWIqKwCZyX7Vbu8eB3A=="],

    "jsonata": ["jsonata@2.1.0", "", {}, "sha512-OCzaRMK8HobtX8fp37uIVmL8CY1IGc/a6gLsDqz3quExFR09/U78HUzWYr7T31UEB6+Eu0/8dkVD5fFDOl9a8w=="],

    "undici-types": ["undici-types@6.21.0", "", {}, "sha512-iwDZqg0QAGrg9Rav5H4n0M64c3mkR59cJ6wQp+7C4nI0gsmExaedaYLNO44eT4AtBBwjbTiGPMlt2Md0T9H9JQ=="],
  }
}
